
Microsoft Visual Studio Solution File, Format Version 12.00
# Visual Studio Version 17
VisualStudioVersion = 17.3.32811.315
MinimumVisualStudioVersion = 10.0.40219.1
Project("{FAE04EC0-301F-11D3-BF4B-00C04F79EFBC}") = "ConsoleApp41", "ConsoleApp41\ConsoleApp41.csproj", "{1BEE9B52-4434-46F9-9F19-82FB2BD3712F}"
EndProject
Global
	GlobalSection(SolutionConfigurationPlatforms) = preSolution
		Debug|Any CPU = Debug|Any CPU
		Release|Any CPU = Release|Any CPU
	EndGlobalSection
	GlobalSection(ProjectConfigurationPlatforms) = postSolution
		{1BEE9B52-4434-46F9-9F19-82FB2BD3712F}.Debug|Any CPU.ActiveCfg = Debug|Any CPU
		{1BEE9B52-4434-46F9-9F19-82FB2BD3712F}.Debug|Any CPU.Build.0 = Debug|Any CPU
		{1BEE9B52-4434-46F9-9F19-82FB2BD3712F}.Release|Any CPU.ActiveCfg = Release|Any CPU
		{1BEE9B52-4434-46F9-9F19-82FB2BD3712F}.Release|Any CPU.Build.0 = Release|Any CPU
	EndGlobalSection
	GlobalSection(SolutionProperties) = preSolution
		HideSolutionNode = FALSE
	EndGlobalSection
	GlobalSection(ExtensibilityGlobals) = postSolution
		SolutionGuid = {AE069762-7A21-4A46-8259-4A658DC7A130}
	EndGlobalSection
EndGlobal
